
Microsoft Visual Studio Solution File, Format Version 12.00
# Visual Studio Version 17
VisualStudioVersion = 17.7.34221.43
MinimumVisualStudioVersion = 10.0.40219.1
Project("{FAE04EC0-301F-11D3-BF4B-00C04F79EFBC}") = "PracticaLinq", "PracticaLinq.csproj", "{3F778498-8FDC-43D9-8A93-3B878A8603D6}"
EndProject
Global
	GlobalSection(SolutionConfigurationPlatforms) = preSolution
		Debug|Any CPU = Debug|Any CPU
		Release|Any CPU = Release|Any CPU
	EndGlobalSection
	GlobalSection(ProjectConfigurationPlatforms) = postSolution
		{3F778498-8FDC-43D9-8A93-3B878A8603D6}.Debug|Any CPU.ActiveCfg = Debug|Any CPU
		{3F778498-8FDC-43D9-8A93-3B878A8603D6}.Debug|Any CPU.Build.0 = Debug|Any CPU
		{3F778498-8FDC-43D9-8A93-3B878A8603D6}.Release|Any CPU.ActiveCfg = Release|Any CPU
		{3F778498-8FDC-43D9-8A93-3B878A8603D6}.Release|Any CPU.Build.0 = Release|Any CPU
	EndGlobalSection
	GlobalSection(SolutionProperties) = preSolution
		HideSolutionNode = FALSE
	EndGlobalSection
	GlobalSection(ExtensibilityGlobals) = postSolution
		SolutionGuid = {48C9927B-8C4A-49B0-AE41-FDD66E23EA19}
	EndGlobalSection
EndGlobal
